<?xml version="1.0" encoding="utf-8"?>
<Project ToolsVersion="4.0" xmlns="http://schemas.microsoft.com/developer/msbuild/2003">
  <ItemGroup>
    <ClCompile Include="MainBase\Main.cpp">
      <Filter>00. Main</Filter>
    </ClCompile>
    <ClCompile Include="Silver\15649.cpp">
      <Filter>Silver</Filter>
    </ClCompile>
  </ItemGroup>
  <ItemGroup>
    <Filter Include="00. Main">
      <UniqueIdentifier>{4eece806-47b6-4a80-98eb-39a3a97fb5ac}</UniqueIdentifier>
    </Filter>
    <Filter Include="Silver">
      <UniqueIdentifier>{09c7f2fe-9765-405d-ab3d-b0c8f81d6a96}</UniqueIdentifier>
    </Filter>
  </ItemGroup>
</Project>